
Microsoft Visual Studio Solution File, Format Version 12.00
# Visual Studio Version 17
VisualStudioVersion = 17.0.31903.59
MinimumVisualStudioVersion = 10.0.40219.1
Project("{2150E333-8FDC-42A3-9474-1A3956D46DE8}") = "src", "src", "{827E0CD3-B72D-47B6-A68D-7590B98EB39B}"
EndProject
Project("{FAE04EC0-301F-11D3-BF4B-00C04F79EFBC}") = "PersonApi.Domain", "src\PersonApi.Domain\PersonApi.Domain.csproj", "{80483700-0D66-44D4-8C82-0DBD3A78A8FD}"
EndProject
Project("{FAE04EC0-301F-11D3-BF4B-00C04F79EFBC}") = "PersonApi.Infrastructure", "src\PersonApi.Infrastructure\PersonApi.Infrastructure.csproj", "{75CEBD23-95B1-4792-A333-F328BE0E883D}"
EndProject
Project("{FAE04EC0-301F-11D3-BF4B-00C04F79EFBC}") = "PersonApi.Application", "src\PersonApi.Application\PersonApi.Application.csproj", "{2241FBAB-452E-456B-8866-3D40EA62EBB2}"
EndProject
Project("{FAE04EC0-301F-11D3-BF4B-00C04F79EFBC}") = "PersonApi.API", "src\PersonApi.API\PersonApi.API.csproj", "{6DBA6646-1552-40A0-AFF6-705CE8DBEEB9}"
EndProject
Project("{2150E333-8FDC-42A3-9474-1A3956D46DE8}") = "tests", "tests", "{0AB3BF05-4346-4AA6-1389-037BE0695223}"
EndProject
Project("{FAE04EC0-301F-11D3-BF4B-00C04F79EFBC}") = "PersonApi.UnitTests", "tests\PersonApi.UnitTests\PersonApi.UnitTests.csproj", "{A6411544-AFE5-4878-BD68-A68F7313BD21}"
EndProject
Project("{FAE04EC0-301F-11D3-BF4B-00C04F79EFBC}") = "PersonApi.IntegrationTests", "tests\PersonApi.IntegrationTests\PersonApi.IntegrationTests.csproj", "{814487D0-311A-4C77-B261-6FFCE672C999}"
EndProject
Global
	GlobalSection(SolutionConfigurationPlatforms) = preSolution
		Debug|Any CPU = Debug|Any CPU
		Debug|x64 = Debug|x64
		Debug|x86 = Debug|x86
		Release|Any CPU = Release|Any CPU
		Release|x64 = Release|x64
		Release|x86 = Release|x86
	EndGlobalSection
	GlobalSection(ProjectConfigurationPlatforms) = postSolution
		{80483700-0D66-44D4-8C82-0DBD3A78A8FD}.Debug|Any CPU.ActiveCfg = Debug|Any CPU
		{80483700-0D66-44D4-8C82-0DBD3A78A8FD}.Debug|Any CPU.Build.0 = Debug|Any CPU
		{80483700-0D66-44D4-8C82-0DBD3A78A8FD}.Debug|x64.ActiveCfg = Debug|Any CPU
		{80483700-0D66-44D4-8C82-0DBD3A78A8FD}.Debug|x64.Build.0 = Debug|Any CPU
		{80483700-0D66-44D4-8C82-0DBD3A78A8FD}.Debug|x86.ActiveCfg = Debug|Any CPU
		{80483700-0D66-44D4-8C82-0DBD3A78A8FD}.Debug|x86.Build.0 = Debug|Any CPU
		{80483700-0D66-44D4-8C82-0DBD3A78A8FD}.Release|Any CPU.ActiveCfg = Release|Any CPU
		{80483700-0D66-44D4-8C82-0DBD3A78A8FD}.Release|Any CPU.Build.0 = Release|Any CPU
		{80483700-0D66-44D4-8C82-0DBD3A78A8FD}.Release|x64.ActiveCfg = Release|Any CPU
		{80483700-0D66-44D4-8C82-0DBD3A78A8FD}.Release|x64.Build.0 = Release|Any CPU
		{80483700-0D66-44D4-8C82-0DBD3A78A8FD}.Release|x86.ActiveCfg = Release|Any CPU
		{80483700-0D66-44D4-8C82-0DBD3A78A8FD}.Release|x86.Build.0 = Release|Any CPU
		{75CEBD23-95B1-4792-A333-F328BE0E883D}.Debug|Any CPU.ActiveCfg = Debug|Any CPU
		{75CEBD23-95B1-4792-A333-F328BE0E883D}.Debug|Any CPU.Build.0 = Debug|Any CPU
		{75CEBD23-95B1-4792-A333-F328BE0E883D}.Debug|x64.ActiveCfg = Debug|Any CPU
		{75CEBD23-95B1-4792-A333-F328BE0E883D}.Debug|x64.Build.0 = Debug|Any CPU
		{75CEBD23-95B1-4792-A333-F328BE0E883D}.Debug|x86.ActiveCfg = Debug|Any CPU
		{75CEBD23-95B1-4792-A333-F328BE0E883D}.Debug|x86.Build.0 = Debug|Any CPU
		{75CEBD23-95B1-4792-A333-F328BE0E883D}.Release|Any CPU.ActiveCfg = Release|Any CPU
		{75CEBD23-95B1-4792-A333-F328BE0E883D}.Release|Any CPU.Build.0 = Release|Any CPU
		{75CEBD23-95B1-4792-A333-F328BE0E883D}.Release|x64.ActiveCfg = Release|Any CPU
		{75CEBD23-95B1-4792-A333-F328BE0E883D}.Release|x64.Build.0 = Release|Any CPU
		{75CEBD23-95B1-4792-A333-F328BE0E883D}.Release|x86.ActiveCfg = Release|Any CPU
		{75CEBD23-95B1-4792-A333-F328BE0E883D}.Release|x86.Build.0 = Release|Any CPU
		{2241FBAB-452E-456B-8866-3D40EA62EBB2}.Debug|Any CPU.ActiveCfg = Debug|Any CPU
		{2241FBAB-452E-456B-8866-3D40EA62EBB2}.Debug|Any CPU.Build.0 = Debug|Any CPU
		{2241FBAB-452E-456B-8866-3D40EA62EBB2}.Debug|x64.ActiveCfg = Debug|Any CPU
		{2241FBAB-452E-456B-8866-3D40EA62EBB2}.Debug|x64.Build.0 = Debug|Any CPU
		{2241FBAB-452E-456B-8866-3D40EA62EBB2}.Debug|x86.ActiveCfg = Debug|Any CPU
		{2241FBAB-452E-456B-8866-3D40EA62EBB2}.Debug|x86.Build.0 = Debug|Any CPU
		{2241FBAB-452E-456B-8866-3D40EA62EBB2}.Release|Any CPU.ActiveCfg = Release|Any CPU
		{2241FBAB-452E-456B-8866-3D40EA62EBB2}.Release|Any CPU.Build.0 = Release|Any CPU
		{2241FBAB-452E-456B-8866-3D40EA62EBB2}.Release|x64.ActiveCfg = Release|Any CPU
		{2241FBAB-452E-456B-8866-3D40EA62EBB2}.Release|x64.Build.0 = Release|Any CPU
		{2241FBAB-452E-456B-8866-3D40EA62EBB2}.Release|x86.ActiveCfg = Release|Any CPU
		{2241FBAB-452E-456B-8866-3D40EA62EBB2}.Release|x86.Build.0 = Release|Any CPU
		{6DBA6646-1552-40A0-AFF6-705CE8DBEEB9}.Debug|Any CPU.ActiveCfg = Debug|Any CPU
		{6DBA6646-1552-40A0-AFF6-705CE8DBEEB9}.Debug|Any CPU.Build.0 = Debug|Any CPU
		{6DBA6646-1552-40A0-AFF6-705CE8DBEEB9}.Debug|x64.ActiveCfg = Debug|Any CPU
		{6DBA6646-1552-40A0-AFF6-705CE8DBEEB9}.Debug|x64.Build.0 = Debug|Any CPU
		{6DBA6646-1552-40A0-AFF6-705CE8DBEEB9}.Debug|x86.ActiveCfg = Debug|Any CPU
		{6DBA6646-1552-40A0-AFF6-705CE8DBEEB9}.Debug|x86.Build.0 = Debug|Any CPU
		{6DBA6646-1552-40A0-AFF6-705CE8DBEEB9}.Release|Any CPU.ActiveCfg = Release|Any CPU
		{6DBA6646-1552-40A0-AFF6-705CE8DBEEB9}.Release|Any CPU.Build.0 = Release|Any CPU
		{6DBA6646-1552-40A0-AFF6-705CE8DBEEB9}.Release|x64.ActiveCfg = Release|Any CPU
		{6DBA6646-1552-40A0-AFF6-705CE8DBEEB9}.Release|x64.Build.0 = Release|Any CPU
		{6DBA6646-1552-40A0-AFF6-705CE8DBEEB9}.Release|x86.ActiveCfg = Release|Any CPU
		{6DBA6646-1552-40A0-AFF6-705CE8DBEEB9}.Release|x86.Build.0 = Release|Any CPU
		{A6411544-AFE5-4878-BD68-A68F7313BD21}.Debug|Any CPU.ActiveCfg = Debug|Any CPU
		{A6411544-AFE5-4878-BD68-A68F7313BD21}.Debug|Any CPU.Build.0 = Debug|Any CPU
		{A6411544-AFE5-4878-BD68-A68F7313BD21}.Debug|x64.ActiveCfg = Debug|Any CPU
		{A6411544-AFE5-4878-BD68-A68F7313BD21}.Debug|x64.Build.0 = Debug|Any CPU
		{A6411544-AFE5-4878-BD68-A68F7313BD21}.Debug|x86.ActiveCfg = Debug|Any CPU
		{A6411544-AFE5-4878-BD68-A68F7313BD21}.Debug|x86.Build.0 = Debug|Any CPU
		{A6411544-AFE5-4878-BD68-A68F7313BD21}.Release|Any CPU.ActiveCfg = Release|Any CPU
		{A6411544-AFE5-4878-BD68-A68F7313BD21}.Release|Any CPU.Build.0 = Release|Any CPU
		{A6411544-AFE5-4878-BD68-A68F7313BD21}.Release|x64.ActiveCfg = Release|Any CPU
		{A6411544-AFE5-4878-BD68-A68F7313BD21}.Release|x64.Build.0 = Release|Any CPU
		{A6411544-AFE5-4878-BD68-A68F7313BD21}.Release|x86.ActiveCfg = Release|Any CPU
		{A6411544-AFE5-4878-BD68-A68F7313BD21}.Release|x86.Build.0 = Release|Any CPU
		{814487D0-311A-4C77-B261-6FFCE672C999}.Debug|Any CPU.ActiveCfg = Debug|Any CPU
		{814487D0-311A-4C77-B261-6FFCE672C999}.Debug|Any CPU.Build.0 = Debug|Any CPU
		{814487D0-311A-4C77-B261-6FFCE672C999}.Debug|x64.ActiveCfg = Debug|Any CPU
		{814487D0-311A-4C77-B261-6FFCE672C999}.Debug|x64.Build.0 = Debug|Any CPU
		{814487D0-311A-4C77-B261-6FFCE672C999}.Debug|x86.ActiveCfg = Debug|Any CPU
		{814487D0-311A-4C77-B261-6FFCE672C999}.Debug|x86.Build.0 = Debug|Any CPU
		{814487D0-311A-4C77-B261-6FFCE672C999}.Release|Any CPU.ActiveCfg = Release|Any CPU
		{814487D0-311A-4C77-B261-6FFCE672C999}.Release|Any CPU.Build.0 = Release|Any CPU
		{814487D0-311A-4C77-B261-6FFCE672C999}.Release|x64.ActiveCfg = Release|Any CPU
		{814487D0-311A-4C77-B261-6FFCE672C999}.Release|x64.Build.0 = Release|Any CPU
		{814487D0-311A-4C77-B261-6FFCE672C999}.Release|x86.ActiveCfg = Release|Any CPU
		{814487D0-311A-4C77-B261-6FFCE672C999}.Release|x86.Build.0 = Release|Any CPU
	EndGlobalSection
	GlobalSection(SolutionProperties) = preSolution
		HideSolutionNode = FALSE
	EndGlobalSection
	GlobalSection(NestedProjects) = preSolution
		{80483700-0D66-44D4-8C82-0DBD3A78A8FD} = {827E0CD3-B72D-47B6-A68D-7590B98EB39B}
		{75CEBD23-95B1-4792-A333-F328BE0E883D} = {827E0CD3-B72D-47B6-A68D-7590B98EB39B}
		{2241FBAB-452E-456B-8866-3D40EA62EBB2} = {827E0CD3-B72D-47B6-A68D-7590B98EB39B}
		{6DBA6646-1552-40A0-AFF6-705CE8DBEEB9} = {827E0CD3-B72D-47B6-A68D-7590B98EB39B}
		{A6411544-AFE5-4878-BD68-A68F7313BD21} = {0AB3BF05-4346-4AA6-1389-037BE0695223}
		{814487D0-311A-4C77-B261-6FFCE672C999} = {0AB3BF05-4346-4AA6-1389-037BE0695223}
	EndGlobalSection
EndGlobal
